PODS:
  - IQKeyboardManager (6.2.0)
  - SwiftGen (6.1.0)

DEPENDENCIES:
  - IQKeyboardManager
  - SwiftGen

SPEC REPOS:
  https://github.com/cocoapods/specs.git:
    - IQKeyboardManager
    - SwiftGen

SPEC CHECKSUMS:
  IQKeyboardManager: 6194101620b73af5e67900b8f89707a99de0b804
  SwiftGen: f872ca75cbd17bf7103c17f13dcfa0d9a15667b0

PODFILE CHECKSUM: cbab45733fb21bc3a08bf582579ccdaeea1b5a98

COCOAPODS: 1.5.3
